{
  "name": "quickstart-nodejs",
  "version": "1.0.0",
  "lockfileVersion": 1,
  "requires": true,
  "dependencies": {
    "@types/node": {
      "version": "20.17.10",
      "resolved": "https://registry.npmjs.org/@types/node/-/node-20.17.10.tgz",
      "integrity": "sha512-/jrvh5h6NXhEauFFexRin69nA0uHJ5gwk4iDivp/DeoEua3uwCUto6PC86IpRITBOs4+6i2I56K5x5b6WYGXHA==",
      "dev": true,
      "requires": {
        "undici-types": "~6.19.2"
      }
    },
    "pnpm": {
      "version": "8.15.9",
      "resolved": "https://registry.npmjs.org/pnpm/-/pnpm-8.15.9.tgz",
      "integrity": "sha512-SZQ0ydj90aJ5Tr9FUrOyXApjOrzuW7Fee13pDzL0e1E6ypjNXP0AHDHw20VLw4BO3M1XhQHkyik6aBYWa72fgQ==",
      "dev": true
    },
    "typescript": {
      "version": "5.7.2",
      "resolved": "https://registry.npmjs.org/typescript/-/typescript-5.7.2.tgz",
      "integrity": "sha512-i5t66RHxDvVN40HfDd1PsEThGNnlMCMT3jMUuoh9/0TaqWevNontacunWyN02LA9/fIbEWlcHZcgTKb9QoaLfg==",
      "dev": true
    },
    "undici-types": {
      "version": "6.19.8",
      "resolved": "https://registry.npmjs.org/undici-types/-/undici-types-6.19.8.tgz",
      "integrity": "sha512-ve2KP6f/JnbPBFyobGHuerC9g1FYGn/F8n1LWTwNxCEzd6IfqTwUQcNXgEtmmQ6DlRrC1hrSrBnCZPokRrDHjw==",
      "dev": true
    }
  }
}
