{
  "name": "quickstart-nodejs",
  "version": "1.0.0",
  "lockfileVersion": 3,
  "requires": true,
  "packages": {
    "": {
      "name": "quickstart-nodejs",
      "version": "1.0.0",
      "license": "Apache-2.0",
      "devDependencies": {
        "@types/node": "^20.1.7",
        "pnpm": "^8.5.1",
        "typescript": "^5.0.4"
      }
    },
    "node_modules/@types/node": {
      "version": "20.1.7",
      "resolved": "https://registry.npmjs.org/@types/node/-/node-20.1.7.tgz",
      "integrity": "sha512-WCuw/o4GSwDGMoonES8rcvwsig77dGCMbZDrZr2x4ZZiNW4P/gcoZXe/0twgtobcTkmg9TuKflxYL/DuwDyJzg==",
      "dev": true
    },
    "node_modules/pnpm": {
      "version": "8.5.1",
      "resolved": "https://registry.npmjs.org/pnpm/-/pnpm-8.5.1.tgz",
      "integrity": "sha512-W6elL7Nww0a/MCICkzpkbxW6f99TQuX4DuJoDjWp39X08PKDkEpg4cgj3d6EtgYADcdQWl/eM8NdlLJVE3RgpA==",
      "dev": true,
      "bin": {
        "pnpm": "bin/pnpm.cjs",
        "pnpx": "bin/pnpx.cjs"
      },
      "engines": {
        "node": ">=16.14"
      },
      "funding": {
        "url": "https://opencollective.com/pnpm"
      }
    },
    "node_modules/typescript": {
      "version": "5.0.4",
      "resolved": "https://registry.npmjs.org/typescript/-/typescript-5.0.4.tgz",
      "integrity": "sha512-cW9T5W9xY37cc+jfEnaUvX91foxtHkza3Nw3wkoF4sSlKn0MONdkdEndig/qPBWXNkmplh3NzayQzCiHM4/hqw==",
      "dev": true,
      "bin": {
        "tsc": "bin/tsc",
        "tsserver": "bin/tsserver"
      },
      "engines": {
        "node": ">=12.20"
      }
    }
  }
}
